
Microsoft Visual Studio Solution File, Format Version 12.00
# Visual Studio 15
VisualStudioVersion = 15.0.28010.2041
MinimumVisualStudioVersion = 10.0.40219.1
Project("{8BC9CEB8-8B4A-11D0-8D11-00A0C91BC942}") = "DnsCache", "DnsCache\DnsCache.vcxproj", "{CAF3B5C2-F4A1-4DE5-87B5-3AA66D61D97C}"
EndProject
Global
	GlobalSection(SolutionConfigurationPlatforms) = preSolution
		Debug|x64 = Debug|x64
		Debug|x86 = Debug|x86
		Release|x64 = Release|x64
		Release|x86 = Release|x86
	EndGlobalSection
	GlobalSection(ProjectConfigurationPlatforms) = postSolution
		{CAF3B5C2-F4A1-4DE5-87B5-3AA66D61D97C}.Debug|x64.ActiveCfg = Debug|x64
		{CAF3B5C2-F4A1-4DE5-87B5-3AA66D61D97C}.Debug|x64.Build.0 = Debug|x64
		{CAF3B5C2-F4A1-4DE5-87B5-3AA66D61D97C}.Debug|x86.ActiveCfg = Debug|Win32
		{CAF3B5C2-F4A1-4DE5-87B5-3AA66D61D97C}.Debug|x86.Build.0 = Debug|Win32
		{CAF3B5C2-F4A1-4DE5-87B5-3AA66D61D97C}.Release|x64.ActiveCfg = Release|x64
		{CAF3B5C2-F4A1-4DE5-87B5-3AA66D61D97C}.Release|x64.Build.0 = Release|x64
		{CAF3B5C2-F4A1-4DE5-87B5-3AA66D61D97C}.Release|x86.ActiveCfg = Release|Win32
		{CAF3B5C2-F4A1-4DE5-87B5-3AA66D61D97C}.Release|x86.Build.0 = Release|Win32
	EndGlobalSection
	GlobalSection(SolutionProperties) = preSolution
		HideSolutionNode = FALSE
	EndGlobalSection
	GlobalSection(ExtensibilityGlobals) = postSolution
		SolutionGuid = {2B4B73ED-0525-4F50-8970-2F7F6691199A}
	EndGlobalSection
EndGlobal
